// !$*UTF8*$!
{
	archiveVersion = 1;
	classes = {
	};
	objectVersion = 48;
	objects = {

/* Begin PBXBuildFile section */
		365CD4EFD981D3B7036D866A /* Pods_CurrencyConverterUITests.framework in Frameworks */ = {isa = PBXBuildFile; fileRef = 4FE08A903440026AE7E4C1FE /* Pods_CurrencyConverterUITests.framework */; };
		8E90483320046E3F0029BD8D /* AppConfig.swift in Sources */ = {isa = PBXBuildFile; fileRef = 8E90483020046E3F0029BD8D /* AppConfig.swift */; };
		8E90483420046E3F0029BD8D /* AppUtils.swift in Sources */ = {isa = PBXBuildFile; fileRef = 8E90483120046E3F0029BD8D /* AppUtils.swift */; };
		8E90483520046E3F0029BD8D /* DateUtility.swift in Sources */ = {isa = PBXBuildFile; fileRef = 8E90483220046E3F0029BD8D /* DateUtility.swift */; };
		8E904837200476E50029BD8D /* ModelManager.swift in Sources */ = {isa = PBXBuildFile; fileRef = 8E904836200476E50029BD8D /* ModelManager.swift */; };
		8EF585DF2004563100EE9B75 /* AppDelegate.swift in Sources */ = {isa = PBXBuildFile; fileRef = 8EF585DE2004563100EE9B75 /* AppDelegate.swift */; };
		8EF585E12004563100EE9B75 /* CurrencyConverterViewController.swift in Sources */ = {isa = PBXBuildFile; fileRef = 8EF585E02004563100EE9B75 /* CurrencyConverterViewController.swift */; };
		8EF585E42004563100EE9B75 /* Main.storyboard in Resources */ = {isa = PBXBuildFile; fileRef = 8EF585E22004563100EE9B75 /* Main.storyboard */; };
		8EF585E62004563100EE9B75 /* Assets.xcassets in Resources */ = {isa = PBXBuildFile; fileRef = 8EF585E52004563100EE9B75 /* Assets.xcassets */; };
		8EF585E92004563100EE9B75 /* LaunchScreen.storyboard in Resources */ = {isa = PBXBuildFile; fileRef = 8EF585E72004563100EE9B75 /* LaunchScreen.storyboard */; };
		8EF585F42004563100EE9B75 /* CurrencyConverterTests.swift in Sources */ = {isa = PBXBuildFile; fileRef = 8EF585F32004563100EE9B75 /* CurrencyConverterTests.swift */; };
		8EF585FF2004563200EE9B75 /* CurrencyConverterUITests.swift in Sources */ = {isa = PBXBuildFile; fileRef = 8EF585FE2004563200EE9B75 /* CurrencyConverterUITests.swift */; };
		A276BF2980CD29C4D19F7735 /* Pods_CurrencyConverter.framework in Frameworks */ = {isa = PBXBuildFile; fileRef = 6C5FD9AEBA5B7C3FCF9EDDA8 /* Pods_CurrencyConverter.framework */; };
		A68A156D8CCA61FF07C0DE06 /* Pods_CurrencyConverterTests.framework in Frameworks */ = {isa = PBXBuildFile; fileRef = 69D02073D850F753B9AD1763 /* Pods_CurrencyConverterTests.framework */; };
/* End PBXBuildFile section */

/* Begin PBXContainerItemProxy section */
		8EF585F02004563100EE9B75 /* PBXContainerItemProxy */ = {
			isa = PBXContainerItemProxy;
			containerPortal = 8EF585D32004563100EE9B75 /* Project object */;
			proxyType = 1;
			remoteGlobalIDString = 8EF585DA2004563100EE9B75;
			remoteInfo = CurrencyConverter;
		};
		8EF585FB2004563100EE9B75 /* PBXContainerItemProxy */ = {
			isa = PBXContainerItemProxy;
			containerPortal = 8EF585D32004563100EE9B75 /* Project object */;
			proxyType = 1;
			remoteGlobalIDString = 8EF585DA2004563100EE9B75;
			remoteInfo = CurrencyConverter;
		};
/* End PBXContainerItemProxy section */

/* Begin PBXFileReference section */
		2D10B166FF1F34C0DCA90E0E /* Pods-CurrencyConverterUITests.debug.xcconfig */ = {isa = PBXFileReference; includeInIndex = 1; lastKnownFileType = text.xcconfig; name = "Pods-CurrencyConverterUITests.debug.xcconfig"; path = "Pods/Target Support Files/Pods-CurrencyConverterUITests/Pods-CurrencyConverterUITests.debug.xcconfig"; sourceTree = "<group>"; };
		3CB6700FED98D1317CF607FF /* Pods-CurrencyConverterTests.debug.xcconfig */ = {isa = PBXFileReference; includeInIndex = 1; lastKnownFileType = text.xcconfig; name = "Pods-CurrencyConverterTests.debug.xcconfig"; path = "Pods/Target Support Files/Pods-CurrencyConverterTests/Pods-CurrencyConverterTests.debug.xcconfig"; sourceTree = "<group>"; };
		3DD9AF2ED2410DBB9A5743CA /* Pods-CurrencyConverterTests.release.xcconfig */ = {isa = PBXFileReference; includeInIndex = 1; lastKnownFileType = text.xcconfig; name = "Pods-CurrencyConverterTests.release.xcconfig"; path = "Pods/Target Support Files/Pods-CurrencyConverterTests/Pods-CurrencyConverterTests.release.xcconfig"; sourceTree = "<group>"; };
		4FE08A903440026AE7E4C1FE /* Pods_CurrencyConverterUITests.framework */ = {isa = PBXFileReference; explicitFileType = wrapper.framework; includeInIndex = 0; path = Pods_CurrencyConverterUITests.framework; sourceTree = BUILT_PRODUCTS_DIR; };
		69D02073D850F753B9AD1763 /* Pods_CurrencyConverterTests.framework */ = {isa = PBXFileReference; explicitFileType = wrapper.framework; includeInIndex = 0; path = Pods_CurrencyConverterTests.framework; sourceTree = BUILT_PRODUCTS_DIR; };
		6C5FD9AEBA5B7C3FCF9EDDA8 /* Pods_CurrencyConverter.framework */ = {isa = PBXFileReference; explicitFileType = wrapper.framework; includeInIndex = 0; path = Pods_CurrencyConverter.framework; sourceTree = BUILT_PRODUCTS_DIR; };
		8E90483020046E3F0029BD8D /* AppConfig.swift */ = {isa = PBXFileReference; fileEncoding = 4; lastKnownFileType = sourcecode.swift; path = AppConfig.swift; sourceTree = "<group>"; };
		8E90483120046E3F0029BD8D /* AppUtils.swift */ = {isa = PBXFileReference; fileEncoding = 4; lastKnownFileType = sourcecode.swift; path = AppUtils.swift; sourceTree = "<group>"; };
		8E90483220046E3F0029BD8D /* DateUtility.swift */ = {isa = PBXFileReference; fileEncoding = 4; lastKnownFileType = sourcecode.swift; path = DateUtility.swift; sourceTree = "<group>"; };
		8E904836200476E50029BD8D /* ModelManager.swift */ = {isa = PBXFileReference; lastKnownFileType = sourcecode.swift; path = ModelManager.swift; sourceTree = "<group>"; };
		8EF585DB2004563100EE9B75 /* CurrencyConverter.app */ = {isa = PBXFileReference; explicitFileType = wrapper.application; includeInIndex = 0; path = CurrencyConverter.app; sourceTree = BUILT_PRODUCTS_DIR; };
		8EF585DE2004563100EE9B75 /* AppDelegate.swift */ = {isa = PBXFileReference; lastKnownFileType = sourcecode.swift; path = AppDelegate.swift; sourceTree = "<group>"; };
		8EF585E02004563100EE9B75 /* CurrencyConverterViewController.swift */ = {isa = PBXFileReference; lastKnownFileType = sourcecode.swift; path = CurrencyConverterViewController.swift; sourceTree = "<group>"; };
		8EF585E32004563100EE9B75 /* Base */ = {isa = PBXFileReference; lastKnownFileType = file.storyboard; name = Base; path = Base.lproj/Main.storyboard; sourceTree = "<group>"; };
		8EF585E52004563100EE9B75 /* Assets.xcassets */ = {isa = PBXFileReference; lastKnownFileType = folder.assetcatalog; path = Assets.xcassets; sourceTree = "<group>"; };
		8EF585E82004563100EE9B75 /* Base */ = {isa = PBXFileReference; lastKnownFileType = file.storyboard; name = Base; path = Base.lproj/LaunchScreen.storyboard; sourceTree = "<group>"; };
		8EF585EA2004563100EE9B75 /* Info.plist */ = {isa = PBXFileReference; lastKnownFileType = text.plist.xml; path = Info.plist; sourceTree = "<group>"; };
		8EF585EF2004563100EE9B75 /* CurrencyConverterTests.xctest */ = {isa = PBXFileReference; explicitFileType = wrapper.cfbundle; includeInIndex = 0; path = CurrencyConverterTests.xctest; sourceTree = BUILT_PRODUCTS_DIR; };
		8EF585F32004563100EE9B75 /* CurrencyConverterTests.swift */ = {isa = PBXFileReference; lastKnownFileType = sourcecode.swift; path = CurrencyConverterTests.swift; sourceTree = "<group>"; };
		8EF585F52004563100EE9B75 /* Info.plist */ = {isa = PBXFileReference; lastKnownFileType = text.plist.xml; path = Info.plist; sourceTree = "<group>"; };
		8EF585FA2004563100EE9B75 /* CurrencyConverterUITests.xctest */ = {isa = PBXFileReference; explicitFileType = wrapper.cfbundle; includeInIndex = 0; path = CurrencyConverterUITests.xctest; sourceTree = BUILT_PRODUCTS_DIR; };
		8EF585FE2004563200EE9B75 /* CurrencyConverterUITests.swift */ = {isa = PBXFileReference; lastKnownFileType = sourcecode.swift; path = CurrencyConverterUITests.swift; sourceTree = "<group>"; };
		8EF586002004563200EE9B75 /* Info.plist */ = {isa = PBXFileReference; lastKnownFileType = text.plist.xml; path = Info.plist; sourceTree = "<group>"; };
		A4C7917B736440571C87A8D8 /* Pods-CurrencyConverter.release.xcconfig */ = {isa = PBXFileReference; includeInIndex = 1; lastKnownFileType = text.xcconfig; name = "Pods-CurrencyConverter.release.xcconfig"; path = "Pods/Target Support Files/Pods-CurrencyConverter/Pods-CurrencyConverter.release.xcconfig"; sourceTree = "<group>"; };
		A545913AB6869756FEEF8D33 /* Pods-CurrencyConverter.debug.xcconfig */ = {isa = PBXFileReference; includeInIndex = 1; lastKnownFileType = text.xcconfig; name = "Pods-CurrencyConverter.debug.xcconfig"; path = "Pods/Target Support Files/Pods-CurrencyConverter/Pods-CurrencyConverter.debug.xcconfig"; sourceTree = "<group>"; };
		C649830C966395FA1A56EE34 /* Pods-CurrencyConverterUITests.release.xcconfig */ = {isa = PBXFileReference; includeInIndex = 1; lastKnownFileType = text.xcconfig; name = "Pods-CurrencyConverterUITests.release.xcconfig"; path = "Pods/Target Support Files/Pods-CurrencyConverterUITests/Pods-CurrencyConverterUITests.release.xcconfig"; sourceTree = "<group>"; };
/* End PBXFileReference section */

/* Begin PBXFrameworksBuildPhase section */
		8EF585D82004563100EE9B75 /* Frameworks */ = {
			isa = PBXFrameworksBuildPhase;
			buildActionMask = 2147483647;
			files = (
				A276BF2980CD29C4D19F7735 /* Pods_CurrencyConverter.framework in Frameworks */,
			);
			runOnlyForDeploymentPostprocessing = 0;
		};
		8EF585EC2004563100EE9B75 /* Frameworks */ = {
			isa = PBXFrameworksBuildPhase;
			buildActionMask = 2147483647;
			files = (
				A68A156D8CCA61FF07C0DE06 /* Pods_CurrencyConverterTests.framework in Frameworks */,
			);
			runOnlyForDeploymentPostprocessing = 0;
		};
		8EF585F72004563100EE9B75 /* Frameworks */ = {
			isa = PBXFrameworksBuildPhase;
			buildActionMask = 2147483647;
			files = (
				365CD4EFD981D3B7036D866A /* Pods_CurrencyConverterUITests.framework in Frameworks */,
			);
			runOnlyForDeploymentPostprocessing = 0;
		};
/* End PBXFrameworksBuildPhase section */

/* Begin PBXGroup section */
		142E8117ACB763FAA794BF20 /* Frameworks */ = {
			isa = PBXGroup;
			children = (
				6C5FD9AEBA5B7C3FCF9EDDA8 /* Pods_CurrencyConverter.framework */,
				69D02073D850F753B9AD1763 /* Pods_CurrencyConverterTests.framework */,
				4FE08A903440026AE7E4C1FE /* Pods_CurrencyConverterUITests.framework */,
			);
			name = Frameworks;
			sourceTree = "<group>";
		};
		1AF1BFEA1B877F8D184A1AAC /* Pods */ = {
			isa = PBXGroup;
			children = (
				A545913AB6869756FEEF8D33 /* Pods-CurrencyConverter.debug.xcconfig */,
				A4C7917B736440571C87A8D8 /* Pods-CurrencyConverter.release.xcconfig */,
				3CB6700FED98D1317CF607FF /* Pods-CurrencyConverterTests.debug.xcconfig */,
				3DD9AF2ED2410DBB9A5743CA /* Pods-CurrencyConverterTests.release.xcconfig */,
				2D10B166FF1F34C0DCA90E0E /* Pods-CurrencyConverterUITests.debug.xcconfig */,
				C649830C966395FA1A56EE34 /* Pods-CurrencyConverterUITests.release.xcconfig */,
			);
			name = Pods;
			sourceTree = "<group>";
		};
		8E90482F20046E3F0029BD8D /* Utils */ = {
			isa = PBXGroup;
			children = (
				8E90483020046E3F0029BD8D /* AppConfig.swift */,
				8E90483120046E3F0029BD8D /* AppUtils.swift */,
				8E90483220046E3F0029BD8D /* DateUtility.swift */,
			);
			path = Utils;
			sourceTree = "<group>";
		};
		8EF585D22004563100EE9B75 = {
			isa = PBXGroup;
			children = (
				8EF585DD2004563100EE9B75 /* CurrencyConverter */,
				8EF585F22004563100EE9B75 /* CurrencyConverterTests */,
				8EF585FD2004563200EE9B75 /* CurrencyConverterUITests */,
				8EF585DC2004563100EE9B75 /* Products */,
				1AF1BFEA1B877F8D184A1AAC /* Pods */,
				142E8117ACB763FAA794BF20 /* Frameworks */,
			);
			sourceTree = "<group>";
		};
		8EF585DC2004563100EE9B75 /* Products */ = {
			isa = PBXGroup;
			children = (
				8EF585DB2004563100EE9B75 /* CurrencyConverter.app */,
				8EF585EF2004563100EE9B75 /* CurrencyConverterTests.xctest */,
				8EF585FA2004563100EE9B75 /* CurrencyConverterUITests.xctest */,
			);
			name = Products;
			sourceTree = "<group>";
		};
		8EF585DD2004563100EE9B75 /* CurrencyConverter */ = {
			isa = PBXGroup;
			children = (
				8E90482F20046E3F0029BD8D /* Utils */,
				8EF585DE2004563100EE9B75 /* AppDelegate.swift */,
				8EF585E02004563100EE9B75 /* CurrencyConverterViewController.swift */,
				8E904836200476E50029BD8D /* ModelManager.swift */,
				8EF585E22004563100EE9B75 /* Main.storyboard */,
				8EF585E52004563100EE9B75 /* Assets.xcassets */,
				8EF585E72004563100EE9B75 /* LaunchScreen.storyboard */,
				8EF585EA2004563100EE9B75 /* Info.plist */,
			);
			path = CurrencyConverter;
			sourceTree = "<group>";
		};
		8EF585F22004563100EE9B75 /* CurrencyConverterTests */ = {
			isa = PBXGroup;
			children = (
				8EF585F32004563100EE9B75 /* CurrencyConverterTests.swift */,
				8EF585F52004563100EE9B75 /* Info.plist */,
			);
			path = CurrencyConverterTests;
			sourceTree = "<group>";
		};
		8EF585FD2004563200EE9B75 /* CurrencyConverterUITests */ = {
			isa = PBXGroup;
			children = (
				8EF585FE2004563200EE9B75 /* CurrencyConverterUITests.swift */,
				8EF586002004563200EE9B75 /* Info.plist */,
			);
			path = CurrencyConverterUITests;
			sourceTree = "<group>";
		};
/* End PBXGroup section */

/* Begin PBXNativeTarget section */
		8EF585DA2004563100EE9B75 /* CurrencyConverter */ = {
			isa = PBXNativeTarget;
			buildConfigurationList = 8EF586032004563200EE9B75 /* Build configuration list for PBXNativeTarget "CurrencyConverter" */;
			buildPhases = (
				95CCE7FA10A7EFF6EFC4A799 /* [CP] Check Pods Manifest.lock */,
				8EF585D72004563100EE9B75 /* Sources */,
				8EF585D82004563100EE9B75 /* Frameworks */,
				8EF585D92004563100EE9B75 /* Resources */,
				9FA542F5CDD3753B5F040A79 /* [CP] Embed Pods Frameworks */,
				B7CF309343C7AF1479E914DF /* [CP] Copy Pods Resources */,
			);
			buildRules = (
			);
			dependencies = (
			);
			name = CurrencyConverter;
			productName = CurrencyConverter;
			productReference = 8EF585DB2004563100EE9B75 /* CurrencyConverter.app */;
			productType = "com.apple.product-type.application";
		};
		8EF585EE2004563100EE9B75 /* CurrencyConverterTests */ = {
			isa = PBXNativeTarget;
			buildConfigurationList = 8EF586062004563200EE9B75 /* Build configuration list for PBXNativeTarget "CurrencyConverterTests" */;
			buildPhases = (
				89288723712BF4E998A22D03 /* [CP] Check Pods Manifest.lock */,
				8EF585EB2004563100EE9B75 /* Sources */,
				8EF585EC2004563100EE9B75 /* Frameworks */,
				8EF585ED2004563100EE9B75 /* Resources */,
				4DB7FCCECC76DFD7DC9EB292 /* [CP] Embed Pods Frameworks */,
				167CB987A8B569A052BEF4E4 /* [CP] Copy Pods Resources */,
			);
			buildRules = (
			);
			dependencies = (
				8EF585F12004563100EE9B75 /* PBXTargetDependency */,
			);
			name = CurrencyConverterTests;
			productName = CurrencyConverterTests;
			productReference = 8EF585EF2004563100EE9B75 /* CurrencyConverterTests.xctest */;
			productType = "com.apple.product-type.bundle.unit-test";
		};
		8EF585F92004563100EE9B75 /* CurrencyConverterUITests */ = {
			isa = PBXNativeTarget;
			buildConfigurationList = 8EF586092004563200EE9B75 /* Build configuration list for PBXNativeTarget "CurrencyConverterUITests" */;
			buildPhases = (
				16E274DB42D0064808EC1D55 /* [CP] Check Pods Manifest.lock */,
				8EF585F62004563100EE9B75 /* Sources */,
				8EF585F72004563100EE9B75 /* Frameworks */,
				8EF585F82004563100EE9B75 /* Resources */,
				52EC7A535122125FD1A99FCE /* [CP] Embed Pods Frameworks */,
				D5E23C4830879B698E573F0A /* [CP] Copy Pods Resources */,
			);
			buildRules = (
			);
			dependencies = (
				8EF585FC2004563100EE9B75 /* PBXTargetDependency */,
			);
			name = CurrencyConverterUITests;
			productName = CurrencyConverterUITests;
			productReference = 8EF585FA2004563100EE9B75 /* CurrencyConverterUITests.xctest */;
			productType = "com.apple.product-type.bundle.ui-testing";
		};
/* End PBXNativeTarget section */

/* Begin PBXProject section */
		8EF585D32004563100EE9B75 /* Project object */ = {
			isa = PBXProject;
			attributes = {
				LastSwiftUpdateCheck = 0900;
				LastUpgradeCheck = 0900;
				ORGANIZATIONNAME = EnvisionWorld;
				TargetAttributes = {
					8EF585DA2004563100EE9B75 = {
						CreatedOnToolsVersion = 9.0;
						ProvisioningStyle = Manual;
					};
					8EF585EE2004563100EE9B75 = {
						CreatedOnToolsVersion = 9.0;
						ProvisioningStyle = Automatic;
						TestTargetID = 8EF585DA2004563100EE9B75;
					};
					8EF585F92004563100EE9B75 = {
						CreatedOnToolsVersion = 9.0;
						ProvisioningStyle = Automatic;
						TestTargetID = 8EF585DA2004563100EE9B75;
					};
				};
			};
			buildConfigurationList = 8EF585D62004563100EE9B75 /* Build configuration list for PBXProject "CurrencyConverter" */;
			compatibilityVersion = "Xcode 8.0";
			developmentRegion = en;
			hasScannedForEncodings = 0;
			knownRegions = (
				en,
				Base,
			);
			mainGroup = 8EF585D22004563100EE9B75;
			productRefGroup = 8EF585DC2004563100EE9B75 /* Products */;
			projectDirPath = "";
			projectRoot = "";
			targets = (
				8EF585DA2004563100EE9B75 /* CurrencyConverter */,
				8EF585EE2004563100EE9B75 /* CurrencyConverterTests */,
				8EF585F92004563100EE9B75 /* CurrencyConverterUITests */,
			);
		};
/* End PBXProject section */

/* Begin PBXResourcesBuildPhase section */
		8EF585D92004563100EE9B75 /* Resources */ = {
			isa = PBXResourcesBuildPhase;
			buildActionMask = 2147483647;
			files = (
				8EF585E92004563100EE9B75 /* LaunchScreen.storyboard in Resources */,
				8EF585E62004563100EE9B75 /* Assets.xcassets in Resources */,
				8EF585E42004563100EE9B75 /* Main.storyboard in Resources */,
			);
			runOnlyForDeploymentPostprocessing = 0;
		};
		8EF585ED2004563100EE9B75 /* Resources */ = {
			isa = PBXResourcesBuildPhase;
			buildActionMask = 2147483647;
			files = (
			);
			runOnlyForDeploymentPostprocessing = 0;
		};
		8EF585F82004563100EE9B75 /* Resources */ = {
			isa = PBXResourcesBuildPhase;
			buildActionMask = 2147483647;
			files = (
			);
			runOnlyForDeploymentPostprocessing = 0;
		};
/* End PBXResourcesBuildPhase section */

/* Begin PBXShellScriptBuildPhase section */
		167CB987A8B569A052BEF4E4 /* [CP] Copy Pods Resources */ = {
			isa = PBXShellScriptBuildPhase;
			buildActionMask = 2147483647;
			files = (
			);
			inputPaths = (
			);
			name = "[CP] Copy Pods Resources";
			outputPaths = (
			);
			runOnlyForDeploymentPostprocessing = 0;
			shellPath = /bin/sh;
			shellScript = "\"${SRCROOT}/Pods/Target Support Files/Pods-CurrencyConverterTests/Pods-CurrencyConverterTests-resources.sh\"\n";
			showEnvVarsInLog = 0;
		};
		16E274DB42D0064808EC1D55 /* [CP] Check Pods Manifest.lock */ = {
			isa = PBXShellScriptBuildPhase;
			buildActionMask = 2147483647;
			files = (
			);
			inputPaths = (
			);
			name = "[CP] Check Pods Manifest.lock";
			outputPaths = (
			);
			runOnlyForDeploymentPostprocessing = 0;
			shellPath = /bin/sh;
			shellScript = "diff \"${PODS_PODFILE_DIR_PATH}/Podfile.lock\" \"${PODS_ROOT}/Manifest.lock\" > /dev/null\nif [ $? != 0 ] ; then\n    # print error to STDERR\n    echo \"error: The sandbox is not in sync with the Podfile.lock. Run 'pod install' or update your CocoaPods installation.\" >&2\n    exit 1\nfi\n";
			showEnvVarsInLog = 0;
		};
		4DB7FCCECC76DFD7DC9EB292 /* [CP] Embed Pods Frameworks */ = {
			isa = PBXShellScriptBuildPhase;
			buildActionMask = 2147483647;
			files = (
			);
			inputPaths = (
			);
			name = "[CP] Embed Pods Frameworks";
			outputPaths = (
			);
			runOnlyForDeploymentPostprocessing = 0;
			shellPath = /bin/sh;
			shellScript = "\"${SRCROOT}/Pods/Target Support Files/Pods-CurrencyConverterTests/Pods-CurrencyConverterTests-frameworks.sh\"\n";
			showEnvVarsInLog = 0;
		};
		52EC7A535122125FD1A99FCE /* [CP] Embed Pods Frameworks */ = {
			isa = PBXShellScriptBuildPhase;
			buildActionMask = 2147483647;
			files = (
			);
			inputPaths = (
			);
			name = "[CP] Embed Pods Frameworks";
			outputPaths = (
			);
			runOnlyForDeploymentPostprocessing = 0;
			shellPath = /bin/sh;
			shellScript = "\"${SRCROOT}/Pods/Target Support Files/Pods-CurrencyConverterUITests/Pods-CurrencyConverterUITests-frameworks.sh\"\n";
			showEnvVarsInLog = 0;
		};
		89288723712BF4E998A22D03 /* [CP] Check Pods Manifest.lock */ = {
			isa = PBXShellScriptBuildPhase;
			buildActionMask = 2147483647;
			files = (
			);
			inputPaths = (
			);
			name = "[CP] Check Pods Manifest.lock";
			outputPaths = (
			);
			runOnlyForDeploymentPostprocessing = 0;
			shellPath = /bin/sh;
			shellScript = "diff \"${PODS_PODFILE_DIR_PATH}/Podfile.lock\" \"${PODS_ROOT}/Manifest.lock\" > /dev/null\nif [ $? != 0 ] ; then\n    # print error to STDERR\n    echo \"error: The sandbox is not in sync with the Podfile.lock. Run 'pod install' or update your CocoaPods installation.\" >&2\n    exit 1\nfi\n";
			showEnvVarsInLog = 0;
		};
		95CCE7FA10A7EFF6EFC4A799 /* [CP] Check Pods Manifest.lock */ = {
			isa = PBXShellScriptBuildPhase;
			buildActionMask = 2147483647;
			files = (
			);
			inputPaths = (
			);
			name = "[CP] Check Pods Manifest.lock";
			outputPaths = (
			);
			runOnlyForDeploymentPostprocessing = 0;
			shellPath = /bin/sh;
			shellScript = "diff \"${PODS_PODFILE_DIR_PATH}/Podfile.lock\" \"${PODS_ROOT}/Manifest.lock\" > /dev/null\nif [ $? != 0 ] ; then\n    # print error to STDERR\n    echo \"error: The sandbox is not in sync with the Podfile.lock. Run 'pod install' or update your CocoaPods installation.\" >&2\n    exit 1\nfi\n";
			showEnvVarsInLog = 0;
		};
		9FA542F5CDD3753B5F040A79 /* [CP] Embed Pods Frameworks */ = {
			isa = PBXShellScriptBuildPhase;
			buildActionMask = 2147483647;
			files = (
			);
			inputPaths = (
			);
			name = "[CP] Embed Pods Frameworks";
			outputPaths = (
			);
			runOnlyForDeploymentPostprocessing = 0;
			shellPath = /bin/sh;
			shellScript = "\"${SRCROOT}/Pods/Target Support Files/Pods-CurrencyConverter/Pods-CurrencyConverter-frameworks.sh\"\n";
			showEnvVarsInLog = 0;
		};
		B7CF309343C7AF1479E914DF /* [CP] Copy Pods Resources */ = {
			isa = PBXShellScriptBuildPhase;
			buildActionMask = 2147483647;
			files = (
			);
			inputPaths = (
			);
			name = "[CP] Copy Pods Resources";
			outputPaths = (
			);
			runOnlyForDeploymentPostprocessing = 0;
			shellPath = /bin/sh;
			shellScript = "\"${SRCROOT}/Pods/Target Support Files/Pods-CurrencyConverter/Pods-CurrencyConverter-resources.sh\"\n";
			showEnvVarsInLog = 0;
		};
		D5E23C4830879B698E573F0A /* [CP] Copy Pods Resources */ = {
			isa = PBXShellScriptBuildPhase;
			buildActionMask = 2147483647;
			files = (
			);
			inputPaths = (
			);
			name = "[CP] Copy Pods Resources";
			outputPaths = (
			);
			runOnlyForDeploymentPostprocessing = 0;
			shellPath = /bin/sh;
			shellScript = "\"${SRCROOT}/Pods/Target Support Files/Pods-CurrencyConverterUITests/Pods-CurrencyConverterUITests-resources.sh\"\n";
			showEnvVarsInLog = 0;
		};
/* End PBXShellScriptBuildPhase section */

/* Begin PBXSourcesBuildPhase section */
		8EF585D72004563100EE9B75 /* Sources */ = {
			isa = PBXSourcesBuildPhase;
			buildActionMask = 2147483647;
			files = (
				8E90483520046E3F0029BD8D /* DateUtility.swift in Sources */,
				8E90483320046E3F0029BD8D /* AppConfig.swift in Sources */,
				8EF585E12004563100EE9B75 /* CurrencyConverterViewController.swift in Sources */,
				8EF585DF2004563100EE9B75 /* AppDelegate.swift in Sources */,
				8E90483420046E3F0029BD8D /* AppUtils.swift in Sources */,
				8E904837200476E50029BD8D /* ModelManager.swift in Sources */,
			);
			runOnlyForDeploymentPostprocessing = 0;
		};
		8EF585EB2004563100EE9B75 /* Sources */ = {
			isa = PBXSourcesBuildPhase;
			buildActionMask = 2147483647;
			files = (
				8EF585F42004563100EE9B75 /* CurrencyConverterTests.swift in Sources */,
			);
			runOnlyForDeploymentPostprocessing = 0;
		};
		8EF585F62004563100EE9B75 /* Sources */ = {
			isa = PBXSourcesBuildPhase;
			buildActionMask = 2147483647;
			files = (
				8EF585FF2004563200EE9B75 /* CurrencyConverterUITests.swift in Sources */,
			);
			runOnlyForDeploymentPostprocessing = 0;
		};
/* End PBXSourcesBuildPhase section */

/* Begin PBXTargetDependency section */
		8EF585F12004563100EE9B75 /* PBXTargetDependency */ = {
			isa = PBXTargetDependency;
			target = 8EF585DA2004563100EE9B75 /* CurrencyConverter */;
			targetProxy = 8EF585F02004563100EE9B75 /* PBXContainerItemProxy */;
		};
		8EF585FC2004563100EE9B75 /* PBXTargetDependency */ = {
			isa = PBXTargetDependency;
			target = 8EF585DA2004563100EE9B75 /* CurrencyConverter */;
			targetProxy = 8EF585FB2004563100EE9B75 /* PBXContainerItemProxy */;
		};
/* End PBXTargetDependency section */

/* Begin PBXVariantGroup section */
		8EF585E22004563100EE9B75 /* Main.storyboard */ = {
			isa = PBXVariantGroup;
			children = (
				8EF585E32004563100EE9B75 /* Base */,
			);
			name = Main.storyboard;
			sourceTree = "<group>";
		};
		8EF585E72004563100EE9B75 /* LaunchScreen.storyboard */ = {
			isa = PBXVariantGroup;
			children = (
				8EF585E82004563100EE9B75 /* Base */,
			);
			name = LaunchScreen.storyboard;
			sourceTree = "<group>";
		};
/* End PBXVariantGroup section */

/* Begin XCBuildConfiguration section */
		8EF586012004563200EE9B75 /* Debug */ = {
			isa = XCBuildConfiguration;
			buildSettings = {
				ALWAYS_SEARCH_USER_PATHS = NO;
				CLANG_ANALYZER_NONNULL = YES;
				CLANG_ANALYZER_NUMBER_OBJECT_CONVERSION = YES_AGGRESSIVE;
				CLANG_CXX_LANGUAGE_STANDARD = "gnu++14";
				CLANG_CXX_LIBRARY = "libc++";
				CLANG_ENABLE_MODULES = YES;
				CLANG_ENABLE_OBJC_ARC = YES;
				CLANG_WARN_BLOCK_CAPTURE_AUTORELEASING = YES;
				CLANG_WARN_BOOL_CONVERSION = YES;
				CLANG_WARN_COMMA = YES;
				CLANG_WARN_CONSTANT_CONVERSION = YES;
				CLANG_WARN_DIRECT_OBJC_ISA_USAGE = YES_ERROR;
				CLANG_WARN_DOCUMENTATION_COMMENTS = YES;
				CLANG_WARN_EMPTY_BODY = YES;
				CLANG_WARN_ENUM_CONVERSION = YES;
				CLANG_WARN_INFINITE_RECURSION = YES;
				CLANG_WARN_INT_CONVERSION = YES;
				CLANG_WARN_NON_LITERAL_NULL_CONVERSION = YES;
				CLANG_WARN_OBJC_LITERAL_CONVERSION = YES;
				CLANG_WARN_OBJC_ROOT_CLASS = YES_ERROR;
				CLANG_WARN_RANGE_LOOP_ANALYSIS = YES;
				CLANG_WARN_STRICT_PROTOTYPES = YES;
				CLANG_WARN_SUSPICIOUS_MOVE = YES;
				CLANG_WARN_UNGUARDED_AVAILABILITY = YES_AGGRESSIVE;
				CLANG_WARN_UNREACHABLE_CODE = YES;
				CLANG_WARN__DUPLICATE_METHOD_MATCH = YES;
				CODE_SIGN_IDENTITY = "iPhone Developer";
				COPY_PHASE_STRIP = NO;
				DEBUG_INFORMATION_FORMAT = dwarf;
				ENABLE_STRICT_OBJC_MSGSEND = YES;
				ENABLE_TESTABILITY = YES;
				GCC_C_LANGUAGE_STANDARD = gnu11;
				GCC_DYNAMIC_NO_PIC = NO;
				GCC_NO_COMMON_BLOCKS = YES;
				GCC_OPTIMIZATION_LEVEL = 0;
				GCC_PREPROCESSOR_DEFINITIONS = (
					"DEBUG=1",
					"$(inherited)",
				);
				GCC_WARN_64_TO_32_BIT_CONVERSION = YES;
				GCC_WARN_ABOUT_RETURN_TYPE = YES_ERROR;
				GCC_WARN_UNDECLARED_SELECTOR = YES;
				GCC_WARN_UNINITIALIZED_AUTOS = YES_AGGRESSIVE;
				GCC_WARN_UNUSED_FUNCTION = YES;
				GCC_WARN_UNUSED_VARIABLE = YES;
				IPHONEOS_DEPLOYMENT_TARGET = 11.0;
				MTL_ENABLE_DEBUG_INFO = YES;
				ONLY_ACTIVE_ARCH = YES;
				SDKROOT = iphoneos;
				SWIFT_ACTIVE_COMPILATION_CONDITIONS = DEBUG;
				SWIFT_OPTIMIZATION_LEVEL = "-Onone";
			};
			name = Debug;
		};
		8EF586022004563200EE9B75 /* Release */ = {
			isa = XCBuildConfiguration;
			buildSettings = {
				ALWAYS_SEARCH_USER_PATHS = NO;
				CLANG_ANALYZER_NONNULL = YES;
				CLANG_ANALYZER_NUMBER_OBJECT_CONVERSION = YES_AGGRESSIVE;
				CLANG_CXX_LANGUAGE_STANDARD = "gnu++14";
				CLANG_CXX_LIBRARY = "libc++";
				CLANG_ENABLE_MODULES = YES;
				CLANG_ENABLE_OBJC_ARC = YES;
				CLANG_WARN_BLOCK_CAPTURE_AUTORELEASING = YES;
				CLANG_WARN_BOOL_CONVERSION = YES;
				CLANG_WARN_COMMA = YES;
				CLANG_WARN_CONSTANT_CONVERSION = YES;
				CLANG_WARN_DIRECT_OBJC_ISA_USAGE = YES_ERROR;
				CLANG_WARN_DOCUMENTATION_COMMENTS = YES;
				CLANG_WARN_EMPTY_BODY = YES;
				CLANG_WARN_ENUM_CONVERSION = YES;
				CLANG_WARN_INFINITE_RECURSION = YES;
				CLANG_WARN_INT_CONVERSION = YES;
				CLANG_WARN_NON_LITERAL_NULL_CONVERSION = YES;
				CLANG_WARN_OBJC_LITERAL_CONVERSION = YES;
				CLANG_WARN_OBJC_ROOT_CLASS = YES_ERROR;
				CLANG_WARN_RANGE_LOOP_ANALYSIS = YES;
				CLANG_WARN_STRICT_PROTOTYPES = YES;
				CLANG_WARN_SUSPICIOUS_MOVE = YES;
				CLANG_WARN_UNGUARDED_AVAILABILITY = YES_AGGRESSIVE;
				CLANG_WARN_UNREACHABLE_CODE = YES;
				CLANG_WARN__DUPLICATE_METHOD_MATCH = YES;
				CODE_SIGN_IDENTITY = "iPhone Developer";
				COPY_PHASE_STRIP = NO;
				DEBUG_INFORMATION_FORMAT = "dwarf-with-dsym";
				ENABLE_NS_ASSERTIONS = NO;
				ENABLE_STRICT_OBJC_MSGSEND = YES;
				GCC_C_LANGUAGE_STANDARD = gnu11;
				GCC_NO_COMMON_BLOCKS = YES;
				GCC_WARN_64_TO_32_BIT_CONVERSION = YES;
				GCC_WARN_ABOUT_RETURN_TYPE = YES_ERROR;
				GCC_WARN_UNDECLARED_SELECTOR = YES;
				GCC_WARN_UNINITIALIZED_AUTOS = YES_AGGRESSIVE;
				GCC_WARN_UNUSED_FUNCTION = YES;
				GCC_WARN_UNUSED_VARIABLE = YES;
				IPHONEOS_DEPLOYMENT_TARGET = 11.0;
				MTL_ENABLE_DEBUG_INFO = NO;
				SDKROOT = iphoneos;
				SWIFT_OPTIMIZATION_LEVEL = "-Owholemodule";
				VALIDATE_PRODUCT = YES;
			};
			name = Release;
		};
		8EF586042004563200EE9B75 /* Debug */ = {
			isa = XCBuildConfiguration;
			baseConfigurationReference = A545913AB6869756FEEF8D33 /* Pods-CurrencyConverter.debug.xcconfig */;
			buildSettings = {
				ASSETCATALOG_COMPILER_APPICON_NAME = AppIcon;
				CODE_SIGN_STYLE = Manual;
				DEVELOPMENT_TEAM = 29BMPD9HJR;
				INFOPLIST_FILE = CurrencyConverter/Info.plist;
				IPHONEOS_DEPLOYMENT_TARGET = 10.0;
				LD_RUNPATH_SEARCH_PATHS = "$(inherited) @executable_path/Frameworks";
				PRODUCT_BUNDLE_IDENTIFIER = com.app.CurrencyConverter;
				PRODUCT_NAME = "$(TARGET_NAME)";
				PROVISIONING_PROFILE = "81cd252e-5257-4678-ba4e-646211431435";
				PROVISIONING_PROFILE_SPECIFIER = WildCardAppProvision;
				SWIFT_VERSION = 4.0;
				TARGETED_DEVICE_FAMILY = "1,2";
			};
			name = Debug;
		};
		8EF586052004563200EE9B75 /* Release */ = {
			isa = XCBuildConfiguration;
			baseConfigurationReference = A4C7917B736440571C87A8D8 /* Pods-CurrencyConverter.release.xcconfig */;
			buildSettings = {
				ASSETCATALOG_COMPILER_APPICON_NAME = AppIcon;
				CODE_SIGN_STYLE = Manual;
				DEVELOPMENT_TEAM = 29BMPD9HJR;
				INFOPLIST_FILE = CurrencyConverter/Info.plist;
				IPHONEOS_DEPLOYMENT_TARGET = 10.0;
				LD_RUNPATH_SEARCH_PATHS = "$(inherited) @executable_path/Frameworks";
				PRODUCT_BUNDLE_IDENTIFIER = com.app.CurrencyConverter;
				PRODUCT_NAME = "$(TARGET_NAME)";
				PROVISIONING_PROFILE = "81cd252e-5257-4678-ba4e-646211431435";
				PROVISIONING_PROFILE_SPECIFIER = WildCardAppProvision;
				SWIFT_VERSION = 4.0;
				TARGETED_DEVICE_FAMILY = "1,2";
			};
			name = Release;
		};
		8EF586072004563200EE9B75 /* Debug */ = {
			isa = XCBuildConfiguration;
			baseConfigurationReference = 3CB6700FED98D1317CF607FF /* Pods-CurrencyConverterTests.debug.xcconfig */;
			buildSettings = {
				ALWAYS_EMBED_SWIFT_STANDARD_LIBRARIES = YES;
				BUNDLE_LOADER = "$(TEST_HOST)";
				CODE_SIGN_STYLE = Automatic;
				INFOPLIST_FILE = CurrencyConverterTests/Info.plist;
				LD_RUNPATH_SEARCH_PATHS = "$(inherited) @executable_path/Frameworks @loader_path/Frameworks";
				PRODUCT_BUNDLE_IDENTIFIER = com.app.CurrencyConverterTests;
				PRODUCT_NAME = "$(TARGET_NAME)";
				SWIFT_VERSION = 4.0;
				TARGETED_DEVICE_FAMILY = "1,2";
				TEST_HOST = "$(BUILT_PRODUCTS_DIR)/CurrencyConverter.app/CurrencyConverter";
			};
			name = Debug;
		};
		8EF586082004563200EE9B75 /* Release */ = {
			isa = XCBuildConfiguration;
			baseConfigurationReference = 3DD9AF2ED2410DBB9A5743CA /* Pods-CurrencyConverterTests.release.xcconfig */;
			buildSettings = {
				ALWAYS_EMBED_SWIFT_STANDARD_LIBRARIES = YES;
				BUNDLE_LOADER = "$(TEST_HOST)";
				CODE_SIGN_STYLE = Automatic;
				INFOPLIST_FILE = CurrencyConverterTests/Info.plist;
				LD_RUNPATH_SEARCH_PATHS = "$(inherited) @executable_path/Frameworks @loader_path/Frameworks";
				PRODUCT_BUNDLE_IDENTIFIER = com.app.CurrencyConverterTests;
				PRODUCT_NAME = "$(TARGET_NAME)";
				SWIFT_VERSION = 4.0;
				TARGETED_DEVICE_FAMILY = "1,2";
				TEST_HOST = "$(BUILT_PRODUCTS_DIR)/CurrencyConverter.app/CurrencyConverter";
			};
			name = Release;
		};
		8EF5860A2004563200EE9B75 /* Debug */ = {
			isa = XCBuildConfiguration;
			baseConfigurationReference = 2D10B166FF1F34C0DCA90E0E /* Pods-CurrencyConverterUITests.debug.xcconfig */;
			buildSettings = {
				ALWAYS_EMBED_SWIFT_STANDARD_LIBRARIES = YES;
				CODE_SIGN_STYLE = Automatic;
				INFOPLIST_FILE = CurrencyConverterUITests/Info.plist;
				LD_RUNPATH_SEARCH_PATHS = "$(inherited) @executable_path/Frameworks @loader_path/Frameworks";
				PRODUCT_BUNDLE_IDENTIFIER = com.app.CurrencyConverterUITests;
				PRODUCT_NAME = "$(TARGET_NAME)";
				SWIFT_VERSION = 4.0;
				TARGETED_DEVICE_FAMILY = "1,2";
				TEST_TARGET_NAME = CurrencyConverter;
			};
			name = Debug;
		};
		8EF5860B2004563200EE9B75 /* Release */ = {
			isa = XCBuildConfiguration;
			baseConfigurationReference = C649830C966395FA1A56EE34 /* Pods-CurrencyConverterUITests.release.xcconfig */;
			buildSettings = {
				ALWAYS_EMBED_SWIFT_STANDARD_LIBRARIES = YES;
				CODE_SIGN_STYLE = Automatic;
				INFOPLIST_FILE = CurrencyConverterUITests/Info.plist;
				LD_RUNPATH_SEARCH_PATHS = "$(inherited) @executable_path/Frameworks @loader_path/Frameworks";
				PRODUCT_BUNDLE_IDENTIFIER = com.app.CurrencyConverterUITests;
				PRODUCT_NAME = "$(TARGET_NAME)";
				SWIFT_VERSION = 4.0;
				TARGETED_DEVICE_FAMILY = "1,2";
				TEST_TARGET_NAME = CurrencyConverter;
			};
			name = Release;
		};
/* End XCBuildConfiguration section */

/* Begin XCConfigurationList section */
		8EF585D62004563100EE9B75 /* Build configuration list for PBXProject "CurrencyConverter" */ = {
			isa = XCConfigurationList;
			buildConfigurations = (
				8EF586012004563200EE9B75 /* Debug */,
				8EF586022004563200EE9B75 /* Release */,
			);
			defaultConfigurationIsVisible = 0;
			defaultConfigurationName = Release;
		};
		8EF586032004563200EE9B75 /* Build configuration list for PBXNativeTarget "CurrencyConverter" */ = {
			isa = XCConfigurationList;
			buildConfigurations = (
				8EF586042004563200EE9B75 /* Debug */,
				8EF586052004563200EE9B75 /* Release */,
			);
			defaultConfigurationIsVisible = 0;
			defaultConfigurationName = Release;
		};
		8EF586062004563200EE9B75 /* Build configuration list for PBXNativeTarget "CurrencyConverterTests" */ = {
			isa = XCConfigurationList;
			buildConfigurations = (
				8EF586072004563200EE9B75 /* Debug */,
				8EF586082004563200EE9B75 /* Release */,
			);
			defaultConfigurationIsVisible = 0;
			defaultConfigurationName = Release;
		};
		8EF586092004563200EE9B75 /* Build configuration list for PBXNativeTarget "CurrencyConverterUITests" */ = {
			isa = XCConfigurationList;
			buildConfigurations = (
				8EF5860A2004563200EE9B75 /* Debug */,
				8EF5860B2004563200EE9B75 /* Release */,
			);
			defaultConfigurationIsVisible = 0;
			defaultConfigurationName = Release;
		};
/* End XCConfigurationList section */
	};
	rootObject = 8EF585D32004563100EE9B75 /* Project object */;
}
